// !$*UTF8*$!
{
	archiveVersion = 1;
	classes = {
	};
	objectVersion = 56;
	objects = {

/* Begin PBXBuildFile section */
		2B183F4C2913F8BD0087654E /* EntryPoint.swift in Sources */ = {isa = PBXBuildFile; fileRef = 2B183F4B2913F8BD0087654E /* EntryPoint.swift */; };
		2B183F4E2913F8BD0087654E /* Loading.swift in Sources */ = {isa = PBXBuildFile; fileRef = 2B183F4D2913F8BD0087654E /* Loading.swift */; };
		2B183F502913F8C00087654E /* Assets.xcassets in Resources */ = {isa = PBXBuildFile; fileRef = 2B183F4F2913F8C00087654E /* Assets.xcassets */; };
		2B183F542913F8C00087654E /* Preview Assets.xcassets in Resources */ = {isa = PBXBuildFile; fileRef = 2B183F532913F8C00087654E /* Preview Assets.xcassets */; };
		2B41EF4A292C105E0062CA2B /* CabinAbstracted.swift in Sources */ = {isa = PBXBuildFile; fileRef = 2B41EF49292C105E0062CA2B /* CabinAbstracted.swift */; };
		2BA7B4CB291D4A3A00942CB5 /* SeatsAPI.swift in Sources */ = {isa = PBXBuildFile; fileRef = 2BA7B4CA291D4A3A00942CB5 /* SeatsAPI.swift */; };
		2BA7B4CD291D504900942CB5 /* Session.swift in Sources */ = {isa = PBXBuildFile; fileRef = 2BA7B4CC291D504900942CB5 /* Session.swift */; };
		2BA7B4CF291D551A00942CB5 /* SeatSelection.swift in Sources */ = {isa = PBXBuildFile; fileRef = 2BA7B4CE291D551A00942CB5 /* SeatSelection.swift */; };
		2BA7B4F9291D9E9200942CB5 /* TabContainer.swift in Sources */ = {isa = PBXBuildFile; fileRef = 2BA7B4F8291D9E9200942CB5 /* TabContainer.swift */; };
		2BA7B4FB291DC0FF00942CB5 /* +Seats.swift in Sources */ = {isa = PBXBuildFile; fileRef = 2BA7B4FA291DC0FF00942CB5 /* +Seats.swift */; };
		2BA8F60329251C0C005621D3 /* FlightModels.swift in Sources */ = {isa = PBXBuildFile; fileRef = 2BA8F60229251C0C005621D3 /* FlightModels.swift */; };
		2BA8F60629252166005621D3 /* SeatModels.swift in Sources */ = {isa = PBXBuildFile; fileRef = 2BA8F60529252166005621D3 /* SeatModels.swift */; };
		2BA8F60E292536AB005621D3 /* ViewFactories.swift in Sources */ = {isa = PBXBuildFile; fileRef = 2BA8F60D292536AB005621D3 /* ViewFactories.swift */; };
		2BA8F61729257848005621D3 /* Navigator.swift in Sources */ = {isa = PBXBuildFile; fileRef = 2BA8F61629257848005621D3 /* Navigator.swift */; };
		2BA8F61A29258F78005621D3 /* ElementsAPI.swift in Sources */ = {isa = PBXBuildFile; fileRef = 2BA8F61929258F78005621D3 /* ElementsAPI.swift */; };
		2BB135D92926D1290016444C /* Sandbox_Tests.swift in Sources */ = {isa = PBXBuildFile; fileRef = 2BB135D82926D1290016444C /* Sandbox_Tests.swift */; };
		2BB135E72926D66E0016444C /* +Weather.swift in Sources */ = {isa = PBXBuildFile; fileRef = 2BC49CD32922BEE5007DA457 /* +Weather.swift */; };
		2BB135EA2926D6990016444C /* WeatherAPI.swift in Sources */ = {isa = PBXBuildFile; fileRef = 2BB135E92926D6990016444C /* WeatherAPI.swift */; };
		2BB135EC2926D6AB0016444C /* WeatherModels.swift in Sources */ = {isa = PBXBuildFile; fileRef = 2BB135EB2926D6AB0016444C /* WeatherModels.swift */; };
		2BB135F02926DD610016444C /* Weather.json in Resources */ = {isa = PBXBuildFile; fileRef = 2BB135ED2926DD610016444C /* Weather.json */; };
		2BB135F12926DD610016444C /* Seats.json in Resources */ = {isa = PBXBuildFile; fileRef = 2BB135EE2926DD610016444C /* Seats.json */; };
		2BB135F22926DD610016444C /* Flight.json in Resources */ = {isa = PBXBuildFile; fileRef = 2BB135EF2926DD610016444C /* Flight.json */; };
		2BB135F52926E21A0016444C /* MockMonitor.swift in Sources */ = {isa = PBXBuildFile; fileRef = 2BB135F42926E21A0016444C /* MockMonitor.swift */; };
		2BB135F72926E4590016444C /* MockSession.swift in Sources */ = {isa = PBXBuildFile; fileRef = 2BB135F62926E4590016444C /* MockSession.swift */; };
		2BB135FA2926FD760016444C /* MockTimer.swift in Sources */ = {isa = PBXBuildFile; fileRef = 2BB135F92926FD760016444C /* MockTimer.swift */; };
		2BB135FC292703970016444C /* CodableWrapper.swift in Sources */ = {isa = PBXBuildFile; fileRef = 2BB135FB292703970016444C /* CodableWrapper.swift */; };
		2BB135FF292708750016444C /* ShadesAPI.swift in Sources */ = {isa = PBXBuildFile; fileRef = 2BB135FE292708750016444C /* ShadesAPI.swift */; };
		2BB13601292713570016444C /* Shades.json in Resources */ = {isa = PBXBuildFile; fileRef = 2BB13600292713570016444C /* Shades.json */; };
		2BB13603292BE1FF0016444C /* CabinTEST.swift in Sources */ = {isa = PBXBuildFile; fileRef = 2BB13602292BE1FF0016444C /* CabinTEST.swift */; };
		2BB3A587292445C90094B787 /* HeartbeatMonitor.swift in Sources */ = {isa = PBXBuildFile; fileRef = 2BB3A586292445C90094B787 /* HeartbeatMonitor.swift */; };
		2BB3A589292445FE0094B787 /* Cabin.swift in Sources */ = {isa = PBXBuildFile; fileRef = 2BB3A588292445FE0094B787 /* Cabin.swift */; };
		2BB3A58B29244B2D0094B787 /* FlightAPI.swift in Sources */ = {isa = PBXBuildFile; fileRef = 2BB3A58A29244B2D0094B787 /* FlightAPI.swift */; };
		2BC49CD229228F2A007DA457 /* +FlightInfo.swift in Sources */ = {isa = PBXBuildFile; fileRef = 2BC49CD129228F2A007DA457 /* +FlightInfo.swift */; };
		2BC49CD62922CE1B007DA457 /* NetworkBridge.swift in Sources */ = {isa = PBXBuildFile; fileRef = 2BC49CD52922CE1B007DA457 /* NetworkBridge.swift */; };
		2BC49CD92923DD8F007DA457 /* Loading.swift in Sources */ = {isa = PBXBuildFile; fileRef = 2BC49CD82923DD8F007DA457 /* Loading.swift */; };
		2BC49CDD2923E81C007DA457 /* +Session.swift in Sources */ = {isa = PBXBuildFile; fileRef = 2BC49CDC2923E81C007DA457 /* +Session.swift */; };
		2BC49CDF2923FC06007DA457 /* +Cabin.swift in Sources */ = {isa = PBXBuildFile; fileRef = 2BC49CDE2923FC06007DA457 /* +Cabin.swift */; };
		2BE97D3B291C137B00149BA4 /* Home.swift in Sources */ = {isa = PBXBuildFile; fileRef = 2BE97D3A291C137B00149BA4 /* Home.swift */; };
		2BE97D3D291C174000149BA4 /* FlightInfo.swift in Sources */ = {isa = PBXBuildFile; fileRef = 2BE97D3C291C174000149BA4 /* FlightInfo.swift */; };
		2BE97D3F291C175F00149BA4 /* Media.swift in Sources */ = {isa = PBXBuildFile; fileRef = 2BE97D3E291C175F00149BA4 /* Media.swift */; };
		2BE97D41291C178E00149BA4 /* TabContainer.swift in Sources */ = {isa = PBXBuildFile; fileRef = 2BE97D40291C178E00149BA4 /* TabContainer.swift */; };
		2BE97D49291C348800149BA4 /* EntryPoint.swift in Sources */ = {isa = PBXBuildFile; fileRef = 2BE97D48291C348800149BA4 /* EntryPoint.swift */; };
		2BE97D4B291C348800149BA4 /* CallAttendant.swift in Sources */ = {isa = PBXBuildFile; fileRef = 2BE97D4A291C348800149BA4 /* CallAttendant.swift */; };
		2BE97D4D291C348900149BA4 /* Assets.xcassets in Resources */ = {isa = PBXBuildFile; fileRef = 2BE97D4C291C348900149BA4 /* Assets.xcassets */; };
		2BE97D50291C348900149BA4 /* Preview Assets.xcassets in Resources */ = {isa = PBXBuildFile; fileRef = 2BE97D4F291C348900149BA4 /* Preview Assets.xcassets */; };
		2BE97D53291C348900149BA4 /* My Cabin.app in Embed Watch Content */ = {isa = PBXBuildFile; fileRef = 2BE97D46291C348800149BA4 /* My Cabin.app */; settings = {ATTRIBUTES = (RemoveHeadersOnCopy, ); }; };
		2BE97D5A291C46ED00149BA4 /* Watch.swift in Sources */ = {isa = PBXBuildFile; fileRef = 2BE97D59291C46ED00149BA4 /* Watch.swift */; };
		2BE97D60291C4B5100149BA4 /* +Phone.swift in Sources */ = {isa = PBXBuildFile; fileRef = 2BE97D5F291C4B5100149BA4 /* +Phone.swift */; };
		2BE97D62291C57B600149BA4 /* FlightInfo.swift in Sources */ = {isa = PBXBuildFile; fileRef = 2BE97D61291C57B600149BA4 /* FlightInfo.swift */; };
		2BE97D64291C57CB00149BA4 /* Weather.swift in Sources */ = {isa = PBXBuildFile; fileRef = 2BE97D63291C57CB00149BA4 /* Weather.swift */; };
		2BE97D67291C69F700149BA4 /* Haptics.swift in Sources */ = {isa = PBXBuildFile; fileRef = 2BE97D66291C69F700149BA4 /* Haptics.swift */; };
/* End PBXBuildFile section */

/* Begin PBXContainerItemProxy section */
		2BB135DA2926D1290016444C /* PBXContainerItemProxy */ = {
			isa = PBXContainerItemProxy;
			containerPortal = 2B183F402913F8BD0087654E /* Project object */;
			proxyType = 1;
			remoteGlobalIDString = 2B183F472913F8BD0087654E;
			remoteInfo = "Gulfstream-Sandbox";
		};
		2BE97D51291C348900149BA4 /* PBXContainerItemProxy */ = {
			isa = PBXContainerItemProxy;
			containerPortal = 2B183F402913F8BD0087654E /* Project object */;
			proxyType = 1;
			remoteGlobalIDString = 2BE97D45291C348800149BA4;
			remoteInfo = "wearable Watch App";
		};
/* End PBXContainerItemProxy section */

/* Begin PBXCopyFilesBuildPhase section */
		2BE97D57291C348900149BA4 /* Embed Watch Content */ = {
			isa = PBXCopyFilesBuildPhase;
			buildActionMask = 2147483647;
			dstPath = "$(CONTENTS_FOLDER_PATH)/Watch";
			dstSubfolderSpec = 16;
			files = (
				2BE97D53291C348900149BA4 /* My Cabin.app in Embed Watch Content */,
			);
			name = "Embed Watch Content";
			runOnlyForDeploymentPostprocessing = 0;
		};
/* End PBXCopyFilesBuildPhase section */

/* Begin PBXFileReference section */
		2B183F482913F8BD0087654E /* Gulfstream-Sandbox.app */ = {isa = PBXFileReference; explicitFileType = wrapper.application; includeInIndex = 0; path = "Gulfstream-Sandbox.app"; sourceTree = BUILT_PRODUCTS_DIR; };
		2B183F4B2913F8BD0087654E /* EntryPoint.swift */ = {isa = PBXFileReference; lastKnownFileType = sourcecode.swift; path = EntryPoint.swift; sourceTree = "<group>"; };
		2B183F4D2913F8BD0087654E /* Loading.swift */ = {isa = PBXFileReference; lastKnownFileType = sourcecode.swift; path = Loading.swift; sourceTree = "<group>"; };
		2B183F4F2913F8C00087654E /* Assets.xcassets */ = {isa = PBXFileReference; lastKnownFileType = folder.assetcatalog; path = Assets.xcassets; sourceTree = "<group>"; };
		2B183F512913F8C00087654E /* Gulfstream_Sandbox.entitlements */ = {isa = PBXFileReference; lastKnownFileType = text.plist.entitlements; path = Gulfstream_Sandbox.entitlements; sourceTree = "<group>"; };
		2B183F532913F8C00087654E /* Preview Assets.xcassets */ = {isa = PBXFileReference; lastKnownFileType = folder.assetcatalog; path = "Preview Assets.xcassets"; sourceTree = "<group>"; };
		2B41EF49292C105E0062CA2B /* CabinAbstracted.swift */ = {isa = PBXFileReference; lastKnownFileType = sourcecode.swift; path = CabinAbstracted.swift; sourceTree = "<group>"; };
		2B7FE8102919C692002C64FF /* Info.plist */ = {isa = PBXFileReference; lastKnownFileType = text.plist.xml; name = Info.plist; path = ../Info.plist; sourceTree = "<group>"; };
		2BA7B4CA291D4A3A00942CB5 /* SeatsAPI.swift */ = {isa = PBXFileReference; lastKnownFileType = sourcecode.swift; path = SeatsAPI.swift; sourceTree = "<group>"; };
		2BA7B4CC291D504900942CB5 /* Session.swift */ = {isa = PBXFileReference; lastKnownFileType = sourcecode.swift; path = Session.swift; sourceTree = "<group>"; };
		2BA7B4CE291D551A00942CB5 /* SeatSelection.swift */ = {isa = PBXFileReference; lastKnownFileType = sourcecode.swift; path = SeatSelection.swift; sourceTree = "<group>"; };
		2BA7B4F8291D9E9200942CB5 /* TabContainer.swift */ = {isa = PBXFileReference; lastKnownFileType = sourcecode.swift; path = TabContainer.swift; sourceTree = "<group>"; };
		2BA7B4FA291DC0FF00942CB5 /* +Seats.swift */ = {isa = PBXFileReference; lastKnownFileType = sourcecode.swift; path = "+Seats.swift"; sourceTree = "<group>"; };
		2BA8F60229251C0C005621D3 /* FlightModels.swift */ = {isa = PBXFileReference; lastKnownFileType = sourcecode.swift; path = FlightModels.swift; sourceTree = "<group>"; };
		2BA8F60529252166005621D3 /* SeatModels.swift */ = {isa = PBXFileReference; lastKnownFileType = sourcecode.swift; path = SeatModels.swift; sourceTree = "<group>"; };
		2BA8F60D292536AB005621D3 /* ViewFactories.swift */ = {isa = PBXFileReference; lastKnownFileType = sourcecode.swift; path = ViewFactories.swift; sourceTree = "<group>"; };
		2BA8F61629257848005621D3 /* Navigator.swift */ = {isa = PBXFileReference; lastKnownFileType = sourcecode.swift; path = Navigator.swift; sourceTree = "<group>"; };
		2BA8F61929258F78005621D3 /* ElementsAPI.swift */ = {isa = PBXFileReference; lastKnownFileType = sourcecode.swift; path = ElementsAPI.swift; sourceTree = "<group>"; };
		2BB135D62926D1290016444C /* Sandbox-Tests.xctest */ = {isa = PBXFileReference; explicitFileType = wrapper.cfbundle; includeInIndex = 0; path = "Sandbox-Tests.xctest"; sourceTree = BUILT_PRODUCTS_DIR; };
		2BB135D82926D1290016444C /* Sandbox_Tests.swift */ = {isa = PBXFileReference; lastKnownFileType = sourcecode.swift; path = Sandbox_Tests.swift; sourceTree = "<group>"; };
		2BB135E92926D6990016444C /* WeatherAPI.swift */ = {isa = PBXFileReference; lastKnownFileType = sourcecode.swift; path = WeatherAPI.swift; sourceTree = "<group>"; };
		2BB135EB2926D6AB0016444C /* WeatherModels.swift */ = {isa = PBXFileReference; lastKnownFileType = sourcecode.swift; path = WeatherModels.swift; sourceTree = "<group>"; };
		2BB135ED2926DD610016444C /* Weather.json */ = {isa = PBXFileReference; fileEncoding = 4; lastKnownFileType = text.json; path = Weather.json; sourceTree = "<group>"; };
		2BB135EE2926DD610016444C /* Seats.json */ = {isa = PBXFileReference; fileEncoding = 4; lastKnownFileType = text.json; path = Seats.json; sourceTree = "<group>"; };
		2BB135EF2926DD610016444C /* Flight.json */ = {isa = PBXFileReference; fileEncoding = 4; lastKnownFileType = text.json; path = Flight.json; sourceTree = "<group>"; };
		2BB135F42926E21A0016444C /* MockMonitor.swift */ = {isa = PBXFileReference; lastKnownFileType = sourcecode.swift; path = MockMonitor.swift; sourceTree = "<group>"; };
		2BB135F62926E4590016444C /* MockSession.swift */ = {isa = PBXFileReference; lastKnownFileType = sourcecode.swift; path = MockSession.swift; sourceTree = "<group>"; };
		2BB135F82926EAC90016444C /* Info.plist */ = {isa = PBXFileReference; lastKnownFileType = text.plist; path = Info.plist; sourceTree = "<group>"; };
		2BB135F92926FD760016444C /* MockTimer.swift */ = {isa = PBXFileReference; lastKnownFileType = sourcecode.swift; path = MockTimer.swift; sourceTree = "<group>"; };
		2BB135FB292703970016444C /* CodableWrapper.swift */ = {isa = PBXFileReference; lastKnownFileType = sourcecode.swift; path = CodableWrapper.swift; sourceTree = "<group>"; };
		2BB135FE292708750016444C /* ShadesAPI.swift */ = {isa = PBXFileReference; lastKnownFileType = sourcecode.swift; path = ShadesAPI.swift; sourceTree = "<group>"; };
		2BB13600292713570016444C /* Shades.json */ = {isa = PBXFileReference; fileEncoding = 4; lastKnownFileType = text.json; path = Shades.json; sourceTree = "<group>"; };
		2BB13602292BE1FF0016444C /* CabinTEST.swift */ = {isa = PBXFileReference; lastKnownFileType = sourcecode.swift; path = CabinTEST.swift; sourceTree = "<group>"; };
		2BB3A586292445C90094B787 /* HeartbeatMonitor.swift */ = {isa = PBXFileReference; lastKnownFileType = sourcecode.swift; path = HeartbeatMonitor.swift; sourceTree = "<group>"; };
		2BB3A588292445FE0094B787 /* Cabin.swift */ = {isa = PBXFileReference; lastKnownFileType = sourcecode.swift; path = Cabin.swift; sourceTree = "<group>"; };
		2BB3A58A29244B2D0094B787 /* FlightAPI.swift */ = {isa = PBXFileReference; lastKnownFileType = sourcecode.swift; path = FlightAPI.swift; sourceTree = "<group>"; };
		2BC49CD129228F2A007DA457 /* +FlightInfo.swift */ = {isa = PBXFileReference; lastKnownFileType = sourcecode.swift; path = "+FlightInfo.swift"; sourceTree = "<group>"; };
		2BC49CD32922BEE5007DA457 /* +Weather.swift */ = {isa = PBXFileReference; lastKnownFileType = sourcecode.swift; path = "+Weather.swift"; sourceTree = "<group>"; };
		2BC49CD52922CE1B007DA457 /* NetworkBridge.swift */ = {isa = PBXFileReference; lastKnownFileType = sourcecode.swift; path = NetworkBridge.swift; sourceTree = "<group>"; };
		2BC49CD82923DD8F007DA457 /* Loading.swift */ = {isa = PBXFileReference; lastKnownFileType = sourcecode.swift; path = Loading.swift; sourceTree = "<group>"; };
		2BC49CDC2923E81C007DA457 /* +Session.swift */ = {isa = PBXFileReference; lastKnownFileType = sourcecode.swift; path = "+Session.swift"; sourceTree = "<group>"; };
		2BC49CDE2923FC06007DA457 /* +Cabin.swift */ = {isa = PBXFileReference; lastKnownFileType = sourcecode.swift; path = "+Cabin.swift"; sourceTree = "<group>"; };
		2BE97D3A291C137B00149BA4 /* Home.swift */ = {isa = PBXFileReference; lastKnownFileType = sourcecode.swift; path = Home.swift; sourceTree = "<group>"; };
		2BE97D3C291C174000149BA4 /* FlightInfo.swift */ = {isa = PBXFileReference; lastKnownFileType = sourcecode.swift; path = FlightInfo.swift; sourceTree = "<group>"; };
		2BE97D3E291C175F00149BA4 /* Media.swift */ = {isa = PBXFileReference; lastKnownFileType = sourcecode.swift; path = Media.swift; sourceTree = "<group>"; };
		2BE97D40291C178E00149BA4 /* TabContainer.swift */ = {isa = PBXFileReference; lastKnownFileType = sourcecode.swift; path = TabContainer.swift; sourceTree = "<group>"; };
		2BE97D46291C348800149BA4 /* My Cabin.app */ = {isa = PBXFileReference; explicitFileType = wrapper.application; includeInIndex = 0; path = "My Cabin.app"; sourceTree = BUILT_PRODUCTS_DIR; };
		2BE97D48291C348800149BA4 /* EntryPoint.swift */ = {isa = PBXFileReference; lastKnownFileType = sourcecode.swift; path = EntryPoint.swift; sourceTree = "<group>"; };
		2BE97D4A291C348800149BA4 /* CallAttendant.swift */ = {isa = PBXFileReference; lastKnownFileType = sourcecode.swift; path = CallAttendant.swift; sourceTree = "<group>"; };
		2BE97D4C291C348900149BA4 /* Assets.xcassets */ = {isa = PBXFileReference; lastKnownFileType = folder.assetcatalog; path = Assets.xcassets; sourceTree = "<group>"; };
		2BE97D4F291C348900149BA4 /* Preview Assets.xcassets */ = {isa = PBXFileReference; lastKnownFileType = folder.assetcatalog; path = "Preview Assets.xcassets"; sourceTree = "<group>"; };
		2BE97D59291C46ED00149BA4 /* Watch.swift */ = {isa = PBXFileReference; lastKnownFileType = sourcecode.swift; path = Watch.swift; sourceTree = "<group>"; };
		2BE97D5F291C4B5100149BA4 /* +Phone.swift */ = {isa = PBXFileReference; lastKnownFileType = sourcecode.swift; path = "+Phone.swift"; sourceTree = "<group>"; };
		2BE97D61291C57B600149BA4 /* FlightInfo.swift */ = {isa = PBXFileReference; lastKnownFileType = sourcecode.swift; path = FlightInfo.swift; sourceTree = "<group>"; };
		2BE97D63291C57CB00149BA4 /* Weather.swift */ = {isa = PBXFileReference; lastKnownFileType = sourcecode.swift; path = Weather.swift; sourceTree = "<group>"; };
		2BE97D66291C69F700149BA4 /* Haptics.swift */ = {isa = PBXFileReference; lastKnownFileType = sourcecode.swift; path = Haptics.swift; sourceTree = "<group>"; };
/* End PBXFileReference section */

/* Begin PBXFrameworksBuildPhase section */
		2B183F452913F8BD0087654E /* Frameworks */ = {
			isa = PBXFrameworksBuildPhase;
			buildActionMask = 2147483647;
			files = (
			);
			runOnlyForDeploymentPostprocessing = 0;
		};
		2BB135D32926D1290016444C /* Frameworks */ = {
			isa = PBXFrameworksBuildPhase;
			buildActionMask = 2147483647;
			files = (
			);
			runOnlyForDeploymentPostprocessing = 0;
		};
		2BE97D43291C348800149BA4 /* Frameworks */ = {
			isa = PBXFrameworksBuildPhase;
			buildActionMask = 2147483647;
			files = (
			);
			runOnlyForDeploymentPostprocessing = 0;
		};
/* End PBXFrameworksBuildPhase section */

/* Begin PBXGroup section */
		2B183F3F2913F8BD0087654E = {
			isa = PBXGroup;
			children = (
				2B183F4A2913F8BD0087654E /* Gulfstream-Sandbox */,
				2BE97D47291C348800149BA4 /* wearable Watch App */,
				2BB135D72926D1290016444C /* Sandbox-Tests */,
				2B183F492913F8BD0087654E /* Products */,
			);
			sourceTree = "<group>";
		};
		2B183F492913F8BD0087654E /* Products */ = {
			isa = PBXGroup;
			children = (
				2B183F482913F8BD0087654E /* Gulfstream-Sandbox.app */,
				2BE97D46291C348800149BA4 /* My Cabin.app */,
				2BB135D62926D1290016444C /* Sandbox-Tests.xctest */,
			);
			name = Products;
			sourceTree = "<group>";
		};
		2B183F4A2913F8BD0087654E /* Gulfstream-Sandbox */ = {
			isa = PBXGroup;
			children = (
				2BA8F61529257838005621D3 /* Navigation */,
				2BE97D65291C69DB00149BA4 /* Extensions */,
				2BE97D5C291C47EB00149BA4 /* UI */,
				2B183F5B2913F9640087654E /* Domain */,
				2B183F5A2913F9520087654E /* Networking */,
				2B183F4B2913F8BD0087654E /* EntryPoint.swift */,
				2BA8F60D292536AB005621D3 /* ViewFactories.swift */,
				2B183F512913F8C00087654E /* Gulfstream_Sandbox.entitlements */,
				2B183F4F2913F8C00087654E /* Assets.xcassets */,
				2B7FE8102919C692002C64FF /* Info.plist */,
				2B183F522913F8C00087654E /* Preview Content */,
			);
			path = "Gulfstream-Sandbox";
			sourceTree = "<group>";
		};
		2B183F522913F8C00087654E /* Preview Content */ = {
			isa = PBXGroup;
			children = (
				2B183F532913F8C00087654E /* Preview Assets.xcassets */,
			);
			path = "Preview Content";
			sourceTree = "<group>";
		};
		2B183F5A2913F9520087654E /* Networking */ = {
			isa = PBXGroup;
			children = (
				2BA7B4C9291D37A600942CB5 /* API */,
				2BA7B4C8291D379200942CB5 /* Peripherals */,
				2BA7B4CC291D504900942CB5 /* Session.swift */,
				2BB3A586292445C90094B787 /* HeartbeatMonitor.swift */,
				2BB135FB292703970016444C /* CodableWrapper.swift */,
			);
			name = Networking;
			sourceTree = "<group>";
		};
		2B183F5B2913F9640087654E /* Domain */ = {
			isa = PBXGroup;
			children = (
			);
			name = Domain;
			sourceTree = "<group>";
		};
		2BA7B4C8291D379200942CB5 /* Peripherals */ = {
			isa = PBXGroup;
			children = (
				2BE97D59291C46ED00149BA4 /* Watch.swift */,
				2BB3A588292445FE0094B787 /* Cabin.swift */,
				2BB13602292BE1FF0016444C /* CabinTEST.swift */,
				2B41EF49292C105E0062CA2B /* CabinAbstracted.swift */,
			);
			name = Peripherals;
			sourceTree = "<group>";
		};
		2BA7B4C9291D37A600942CB5 /* API */ = {
			isa = PBXGroup;
			children = (
				2BB135FD292708650016444C /* Shades */,
				2BA8F61829258F3E005621D3 /* CabinElements */,
				2BA8F60429252150005621D3 /* Seats */,
				2BA8F60129251BFB005621D3 /* FlightInfo */,
				2BB135E82926D67F0016444C /* Weather */,
			);
			name = API;
			sourceTree = "<group>";
		};
		2BA8F60129251BFB005621D3 /* FlightInfo */ = {
			isa = PBXGroup;
			children = (
				2BB3A58A29244B2D0094B787 /* FlightAPI.swift */,
				2BA8F60229251C0C005621D3 /* FlightModels.swift */,
			);
			name = FlightInfo;
			sourceTree = "<group>";
		};
		2BA8F60429252150005621D3 /* Seats */ = {
			isa = PBXGroup;
			children = (
				2BA7B4CA291D4A3A00942CB5 /* SeatsAPI.swift */,
				2BA8F60529252166005621D3 /* SeatModels.swift */,
			);
			name = Seats;
			sourceTree = "<group>";
		};
		2BA8F6072925231E005621D3 /* TopLevelMenus */ = {
			isa = PBXGroup;
			children = (
				2BA8F60C2925236A005621D3 /* SeatSelection */,
				2BA8F60B2925235D005621D3 /* Settings */,
				2BA8F60A29252343005621D3 /* HVAC */,
				2BA8F6092925233E005621D3 /* Lights */,
				2BA8F60829252338005621D3 /* Shades */,
			);
			name = TopLevelMenus;
			sourceTree = "<group>";
		};
		2BA8F60829252338005621D3 /* Shades */ = {
			isa = PBXGroup;
			children = (
			);
			name = Shades;
			sourceTree = "<group>";
		};
		2BA8F6092925233E005621D3 /* Lights */ = {
			isa = PBXGroup;
			children = (
			);
			name = Lights;
			sourceTree = "<group>";
		};
		2BA8F60A29252343005621D3 /* HVAC */ = {
			isa = PBXGroup;
			children = (
			);
			name = HVAC;
			sourceTree = "<group>";
		};
		2BA8F60B2925235D005621D3 /* Settings */ = {
			isa = PBXGroup;
			children = (
			);
			name = Settings;
			sourceTree = "<group>";
		};
		2BA8F60C2925236A005621D3 /* SeatSelection */ = {
			isa = PBXGroup;
			children = (
				2BA7B4CE291D551A00942CB5 /* SeatSelection.swift */,
			);
			name = SeatSelection;
			sourceTree = "<group>";
		};
		2BA8F61529257838005621D3 /* Navigation */ = {
			isa = PBXGroup;
			children = (
				2BA8F61629257848005621D3 /* Navigator.swift */,
			);
			name = Navigation;
			sourceTree = "<group>";
		};
		2BA8F61829258F3E005621D3 /* CabinElements */ = {
			isa = PBXGroup;
			children = (
				2BA8F61929258F78005621D3 /* ElementsAPI.swift */,
			);
			name = CabinElements;
			sourceTree = "<group>";
		};
		2BB135D72926D1290016444C /* Sandbox-Tests */ = {
			isa = PBXGroup;
			children = (
				2BB135F82926EAC90016444C /* Info.plist */,
				2BB135F32926E1EB0016444C /* MockClasses */,
				2BB135DF2926D2C80016444C /* MockData */,
				2BB135D82926D1290016444C /* Sandbox_Tests.swift */,
			);
			path = "Sandbox-Tests";
			sourceTree = "<group>";
		};
		2BB135DF2926D2C80016444C /* MockData */ = {
			isa = PBXGroup;
			children = (
				2BB135EF2926DD610016444C /* Flight.json */,
				2BB135EE2926DD610016444C /* Seats.json */,
				2BB13600292713570016444C /* Shades.json */,
				2BB135ED2926DD610016444C /* Weather.json */,
			);
			path = MockData;
			sourceTree = "<group>";
		};
		2BB135E82926D67F0016444C /* Weather */ = {
			isa = PBXGroup;
			children = (
				2BB135E92926D6990016444C /* WeatherAPI.swift */,
				2BB135EB2926D6AB0016444C /* WeatherModels.swift */,
			);
			name = Weather;
			sourceTree = "<group>";
		};
		2BB135F32926E1EB0016444C /* MockClasses */ = {
			isa = PBXGroup;
			children = (
				2BB135F42926E21A0016444C /* MockMonitor.swift */,
				2BB135F62926E4590016444C /* MockSession.swift */,
				2BB135F92926FD760016444C /* MockTimer.swift */,
			);
			path = MockClasses;
			sourceTree = "<group>";
		};
		2BB135FD292708650016444C /* Shades */ = {
			isa = PBXGroup;
			children = (
				2BB135FE292708750016444C /* ShadesAPI.swift */,
			);
			name = Shades;
			sourceTree = "<group>";
		};
		2BC49CD72923DD82007DA457 /* UI */ = {
			isa = PBXGroup;
			children = (
				2BC49CD82923DD8F007DA457 /* Loading.swift */,
				2BA7B4F8291D9E9200942CB5 /* TabContainer.swift */,
				2BE97D61291C57B600149BA4 /* FlightInfo.swift */,
				2BE97D63291C57CB00149BA4 /* Weather.swift */,
				2BE97D4A291C348800149BA4 /* CallAttendant.swift */,
			);
			path = UI;
			sourceTree = "<group>";
		};
		2BE97D47291C348800149BA4 /* wearable Watch App */ = {
			isa = PBXGroup;
			children = (
				2BC49CD72923DD82007DA457 /* UI */,
				2BE97D5E291C4B1A00149BA4 /* NetworkingLayer */,
				2BE97D48291C348800149BA4 /* EntryPoint.swift */,
				2BE97D4C291C348900149BA4 /* Assets.xcassets */,
				2BE97D4E291C348900149BA4 /* Preview Content */,
			);
			path = "wearable Watch App";
			sourceTree = "<group>";
		};
		2BE97D4E291C348900149BA4 /* Preview Content */ = {
			isa = PBXGroup;
			children = (
				2BE97D4F291C348900149BA4 /* Preview Assets.xcassets */,
			);
			path = "Preview Content";
			sourceTree = "<group>";
		};
		2BE97D5C291C47EB00149BA4 /* UI */ = {
			isa = PBXGroup;
			children = (
				2BE97D5D291C484900149BA4 /* MainViews */,
				2BA8F6072925231E005621D3 /* TopLevelMenus */,
			);
			name = UI;
			sourceTree = "<group>";
		};
		2BE97D5D291C484900149BA4 /* MainViews */ = {
			isa = PBXGroup;
			children = (
				2B183F4D2913F8BD0087654E /* Loading.swift */,
				2BE97D40291C178E00149BA4 /* TabContainer.swift */,
				2BE97D3A291C137B00149BA4 /* Home.swift */,
				2BE97D3E291C175F00149BA4 /* Media.swift */,
				2BE97D3C291C174000149BA4 /* FlightInfo.swift */,
			);
			name = MainViews;
			sourceTree = "<group>";
		};
		2BE97D5E291C4B1A00149BA4 /* NetworkingLayer */ = {
			isa = PBXGroup;
			children = (
				2BE97D5F291C4B5100149BA4 /* +Phone.swift */,
				2BA7B4FA291DC0FF00942CB5 /* +Seats.swift */,
				2BC49CD129228F2A007DA457 /* +FlightInfo.swift */,
				2BC49CD52922CE1B007DA457 /* NetworkBridge.swift */,
				2BC49CD32922BEE5007DA457 /* +Weather.swift */,
				2BC49CDC2923E81C007DA457 /* +Session.swift */,
				2BC49CDE2923FC06007DA457 /* +Cabin.swift */,
			);
			path = NetworkingLayer;
			sourceTree = "<group>";
		};
		2BE97D65291C69DB00149BA4 /* Extensions */ = {
			isa = PBXGroup;
			children = (
				2BE97D66291C69F700149BA4 /* Haptics.swift */,
			);
			name = Extensions;
			sourceTree = "<group>";
		};
/* End PBXGroup section */

/* Begin PBXNativeTarget section */
		2B183F472913F8BD0087654E /* Gulfstream-Sandbox */ = {
			isa = PBXNativeTarget;
			buildConfigurationList = 2B183F572913F8C00087654E /* Build configuration list for PBXNativeTarget "Gulfstream-Sandbox" */;
			buildPhases = (
				2B183F442913F8BD0087654E /* Sources */,
				2B183F452913F8BD0087654E /* Frameworks */,
				2B183F462913F8BD0087654E /* Resources */,
				2BE97D57291C348900149BA4 /* Embed Watch Content */,
			);
			buildRules = (
			);
			dependencies = (
				2BE97D52291C348900149BA4 /* PBXTargetDependency */,
			);
			name = "Gulfstream-Sandbox";
			productName = "Gulfstream-Sandbox";
			productReference = 2B183F482913F8BD0087654E /* Gulfstream-Sandbox.app */;
			productType = "com.apple.product-type.application";
		};
		2BB135D52926D1290016444C /* Sandbox-Tests */ = {
			isa = PBXNativeTarget;
			buildConfigurationList = 2BB135DC2926D1290016444C /* Build configuration list for PBXNativeTarget "Sandbox-Tests" */;
			buildPhases = (
				2BB135D22926D1290016444C /* Sources */,
				2BB135D32926D1290016444C /* Frameworks */,
				2BB135D42926D1290016444C /* Resources */,
			);
			buildRules = (
			);
			dependencies = (
				2BB135DB2926D1290016444C /* PBXTargetDependency */,
			);
			name = "Sandbox-Tests";
			productName = "Sandbox-Tests";
			productReference = 2BB135D62926D1290016444C /* Sandbox-Tests.xctest */;
			productType = "com.apple.product-type.bundle.unit-test";
		};
		2BE97D45291C348800149BA4 /* wearable Watch App */ = {
			isa = PBXNativeTarget;
			buildConfigurationList = 2BE97D54291C348900149BA4 /* Build configuration list for PBXNativeTarget "wearable Watch App" */;
			buildPhases = (
				2BE97D42291C348800149BA4 /* Sources */,
				2BE97D43291C348800149BA4 /* Frameworks */,
				2BE97D44291C348800149BA4 /* Resources */,
			);
			buildRules = (
			);
			dependencies = (
			);
			name = "wearable Watch App";
			productName = "wearable Watch App";
			productReference = 2BE97D46291C348800149BA4 /* My Cabin.app */;
			productType = "com.apple.product-type.application";
		};
/* End PBXNativeTarget section */

/* Begin PBXProject section */
		2B183F402913F8BD0087654E /* Project object */ = {
			isa = PBXProject;
			attributes = {
				BuildIndependentTargetsInParallel = 1;
				LastSwiftUpdateCheck = 1410;
				LastUpgradeCheck = 1400;
				TargetAttributes = {
					2B183F472913F8BD0087654E = {
						CreatedOnToolsVersion = 14.0.1;
					};
					2BB135D52926D1290016444C = {
						CreatedOnToolsVersion = 14.1;
						TestTargetID = 2B183F472913F8BD0087654E;
					};
					2BE97D45291C348800149BA4 = {
						CreatedOnToolsVersion = 14.1;
					};
				};
			};
			buildConfigurationList = 2B183F432913F8BD0087654E /* Build configuration list for PBXProject "Gulfstream-Sandbox" */;
			compatibilityVersion = "Xcode 14.0";
			developmentRegion = en;
			hasScannedForEncodings = 0;
			knownRegions = (
				en,
				Base,
			);
			mainGroup = 2B183F3F2913F8BD0087654E;
			productRefGroup = 2B183F492913F8BD0087654E /* Products */;
			projectDirPath = "";
			projectRoot = "";
			targets = (
				2B183F472913F8BD0087654E /* Gulfstream-Sandbox */,
				2BE97D45291C348800149BA4 /* wearable Watch App */,
				2BB135D52926D1290016444C /* Sandbox-Tests */,
			);
		};
/* End PBXProject section */

/* Begin PBXResourcesBuildPhase section */
		2B183F462913F8BD0087654E /* Resources */ = {
			isa = PBXResourcesBuildPhase;
			buildActionMask = 2147483647;
			files = (
				2B183F542913F8C00087654E /* Preview Assets.xcassets in Resources */,
				2B183F502913F8C00087654E /* Assets.xcassets in Resources */,
			);
			runOnlyForDeploymentPostprocessing = 0;
		};
		2BB135D42926D1290016444C /* Resources */ = {
			isa = PBXResourcesBuildPhase;
			buildActionMask = 2147483647;
			files = (
				2BB135F22926DD610016444C /* Flight.json in Resources */,
				2BB135F12926DD610016444C /* Seats.json in Resources */,
				2BB135F02926DD610016444C /* Weather.json in Resources */,
				2BB13601292713570016444C /* Shades.json in Resources */,
			);
			runOnlyForDeploymentPostprocessing = 0;
		};
		2BE97D44291C348800149BA4 /* Resources */ = {
			isa = PBXResourcesBuildPhase;
			buildActionMask = 2147483647;
			files = (
				2BE97D50291C348900149BA4 /* Preview Assets.xcassets in Resources */,
				2BE97D4D291C348900149BA4 /* Assets.xcassets in Resources */,
			);
			runOnlyForDeploymentPostprocessing = 0;
		};
/* End PBXResourcesBuildPhase section */

/* Begin PBXSourcesBuildPhase section */
		2B183F442913F8BD0087654E /* Sources */ = {
			isa = PBXSourcesBuildPhase;
			buildActionMask = 2147483647;
			files = (
				2B183F4E2913F8BD0087654E /* Loading.swift in Sources */,
				2BB135EC2926D6AB0016444C /* WeatherModels.swift in Sources */,
				2BE97D67291C69F700149BA4 /* Haptics.swift in Sources */,
				2BB3A587292445C90094B787 /* HeartbeatMonitor.swift in Sources */,
				2BB135FC292703970016444C /* CodableWrapper.swift in Sources */,
				2BA7B4CF291D551A00942CB5 /* SeatSelection.swift in Sources */,
				2BE97D41291C178E00149BA4 /* TabContainer.swift in Sources */,
				2BE97D3F291C175F00149BA4 /* Media.swift in Sources */,
				2BE97D5A291C46ED00149BA4 /* Watch.swift in Sources */,
				2BB3A58B29244B2D0094B787 /* FlightAPI.swift in Sources */,
				2BE97D3B291C137B00149BA4 /* Home.swift in Sources */,
				2BA8F60629252166005621D3 /* SeatModels.swift in Sources */,
				2BE97D3D291C174000149BA4 /* FlightInfo.swift in Sources */,
				2BB135FF292708750016444C /* ShadesAPI.swift in Sources */,
				2BA8F61A29258F78005621D3 /* ElementsAPI.swift in Sources */,
				2BA8F60329251C0C005621D3 /* FlightModels.swift in Sources */,
				2BA7B4CD291D504900942CB5 /* Session.swift in Sources */,
				2B41EF4A292C105E0062CA2B /* CabinAbstracted.swift in Sources */,
				2BB3A589292445FE0094B787 /* Cabin.swift in Sources */,
				2B183F4C2913F8BD0087654E /* EntryPoint.swift in Sources */,
				2BA7B4CB291D4A3A00942CB5 /* SeatsAPI.swift in Sources */,
				2BB135EA2926D6990016444C /* WeatherAPI.swift in Sources */,
				2BA8F61729257848005621D3 /* Navigator.swift in Sources */,
				2BA8F60E292536AB005621D3 /* ViewFactories.swift in Sources */,
				2BB13603292BE1FF0016444C /* CabinTEST.swift in Sources */,
			);
			runOnlyForDeploymentPostprocessing = 0;
		};
		2BB135D22926D1290016444C /* Sources */ = {
			isa = PBXSourcesBuildPhase;
			buildActionMask = 2147483647;
			files = (
				2BB135F72926E4590016444C /* MockSession.swift in Sources */,
				2BB135FA2926FD760016444C /* MockTimer.swift in Sources */,
				2BB135F52926E21A0016444C /* MockMonitor.swift in Sources */,
				2BB135D92926D1290016444C /* Sandbox_Tests.swift in Sources */,
			);
			runOnlyForDeploymentPostprocessing = 0;
		};
		2BE97D42291C348800149BA4 /* Sources */ = {
			isa = PBXSourcesBuildPhase;
			buildActionMask = 2147483647;
			files = (
				2BE97D64291C57CB00149BA4 /* Weather.swift in Sources */,
				2BC49CDF2923FC06007DA457 /* +Cabin.swift in Sources */,
				2BE97D4B291C348800149BA4 /* CallAttendant.swift in Sources */,
				2BB135E72926D66E0016444C /* +Weather.swift in Sources */,
				2BE97D62291C57B600149BA4 /* FlightInfo.swift in Sources */,
				2BC49CD92923DD8F007DA457 /* Loading.swift in Sources */,
				2BA7B4F9291D9E9200942CB5 /* TabContainer.swift in Sources */,
				2BC49CDD2923E81C007DA457 /* +Session.swift in Sources */,
				2BC49CD62922CE1B007DA457 /* NetworkBridge.swift in Sources */,
				2BE97D60291C4B5100149BA4 /* +Phone.swift in Sources */,
				2BC49CD229228F2A007DA457 /* +FlightInfo.swift in Sources */,
				2BA7B4FB291DC0FF00942CB5 /* +Seats.swift in Sources */,
				2BE97D49291C348800149BA4 /* EntryPoint.swift in Sources */,
			);
			runOnlyForDeploymentPostprocessing = 0;
		};
/* End PBXSourcesBuildPhase section */

/* Begin PBXTargetDependency section */
		2BB135DB2926D1290016444C /* PBXTargetDependency */ = {
			isa = PBXTargetDependency;
			target = 2B183F472913F8BD0087654E /* Gulfstream-Sandbox */;
			targetProxy = 2BB135DA2926D1290016444C /* PBXContainerItemProxy */;
		};
		2BE97D52291C348900149BA4 /* PBXTargetDependency */ = {
			isa = PBXTargetDependency;
			target = 2BE97D45291C348800149BA4 /* wearable Watch App */;
			targetProxy = 2BE97D51291C348900149BA4 /* PBXContainerItemProxy */;
		};
/* End PBXTargetDependency section */

/* Begin XCBuildConfiguration section */
		2B183F552913F8C00087654E /* Debug */ = {
			isa = XCBuildConfiguration;
			buildSettings = {
				ALWAYS_SEARCH_USER_PATHS = NO;
				CLANG_ANALYZER_NONNULL = YES;
				CLANG_ANALYZER_NUMBER_OBJECT_CONVERSION = YES_AGGRESSIVE;
				CLANG_CXX_LANGUAGE_STANDARD = "gnu++20";
				CLANG_ENABLE_MODULES = YES;
				CLANG_ENABLE_OBJC_ARC = YES;
				CLANG_ENABLE_OBJC_WEAK = YES;
				CLANG_WARN_BLOCK_CAPTURE_AUTORELEASING = YES;
				CLANG_WARN_BOOL_CONVERSION = YES;
				CLANG_WARN_COMMA = YES;
				CLANG_WARN_CONSTANT_CONVERSION = YES;
				CLANG_WARN_DEPRECATED_OBJC_IMPLEMENTATIONS = YES;
				CLANG_WARN_DIRECT_OBJC_ISA_USAGE = YES_ERROR;
				CLANG_WARN_DOCUMENTATION_COMMENTS = YES;
				CLANG_WARN_EMPTY_BODY = YES;
				CLANG_WARN_ENUM_CONVERSION = YES;
				CLANG_WARN_INFINITE_RECURSION = YES;
				CLANG_WARN_INT_CONVERSION = YES;
				CLANG_WARN_NON_LITERAL_NULL_CONVERSION = YES;
				CLANG_WARN_OBJC_IMPLICIT_RETAIN_SELF = YES;
				CLANG_WARN_OBJC_LITERAL_CONVERSION = YES;
				CLANG_WARN_OBJC_ROOT_CLASS = YES_ERROR;
				CLANG_WARN_QUOTED_INCLUDE_IN_FRAMEWORK_HEADER = YES;
				CLANG_WARN_RANGE_LOOP_ANALYSIS = YES;
				CLANG_WARN_STRICT_PROTOTYPES = YES;
				CLANG_WARN_SUSPICIOUS_MOVE = YES;
				CLANG_WARN_UNGUARDED_AVAILABILITY = YES_AGGRESSIVE;
				CLANG_WARN_UNREACHABLE_CODE = YES;
				CLANG_WARN__DUPLICATE_METHOD_MATCH = YES;
				COPY_PHASE_STRIP = NO;
				DEBUG_INFORMATION_FORMAT = dwarf;
				ENABLE_STRICT_OBJC_MSGSEND = YES;
				ENABLE_TESTABILITY = YES;
				GCC_C_LANGUAGE_STANDARD = gnu11;
				GCC_DYNAMIC_NO_PIC = NO;
				GCC_NO_COMMON_BLOCKS = YES;
				GCC_OPTIMIZATION_LEVEL = 0;
				GCC_PREPROCESSOR_DEFINITIONS = (
					"DEBUG=1",
					"$(inherited)",
				);
				GCC_WARN_64_TO_32_BIT_CONVERSION = YES;
				GCC_WARN_ABOUT_RETURN_TYPE = YES_ERROR;
				GCC_WARN_UNDECLARED_SELECTOR = YES;
				GCC_WARN_UNINITIALIZED_AUTOS = YES_AGGRESSIVE;
				GCC_WARN_UNUSED_FUNCTION = YES;
				GCC_WARN_UNUSED_VARIABLE = YES;
				MTL_ENABLE_DEBUG_INFO = INCLUDE_SOURCE;
				MTL_FAST_MATH = YES;
				ONLY_ACTIVE_ARCH = YES;
				SWIFT_ACTIVE_COMPILATION_CONDITIONS = DEBUG;
				SWIFT_OPTIMIZATION_LEVEL = "-Onone";
			};
			name = Debug;
		};
		2B183F562913F8C00087654E /* Release */ = {
			isa = XCBuildConfiguration;
			buildSettings = {
				ALWAYS_SEARCH_USER_PATHS = NO;
				CLANG_ANALYZER_NONNULL = YES;
				CLANG_ANALYZER_NUMBER_OBJECT_CONVERSION = YES_AGGRESSIVE;
				CLANG_CXX_LANGUAGE_STANDARD = "gnu++20";
				CLANG_ENABLE_MODULES = YES;
				CLANG_ENABLE_OBJC_ARC = YES;
				CLANG_ENABLE_OBJC_WEAK = YES;
				CLANG_WARN_BLOCK_CAPTURE_AUTORELEASING = YES;
				CLANG_WARN_BOOL_CONVERSION = YES;
				CLANG_WARN_COMMA = YES;
				CLANG_WARN_CONSTANT_CONVERSION = YES;
				CLANG_WARN_DEPRECATED_OBJC_IMPLEMENTATIONS = YES;
				CLANG_WARN_DIRECT_OBJC_ISA_USAGE = YES_ERROR;
				CLANG_WARN_DOCUMENTATION_COMMENTS = YES;
				CLANG_WARN_EMPTY_BODY = YES;
				CLANG_WARN_ENUM_CONVERSION = YES;
				CLANG_WARN_INFINITE_RECURSION = YES;
				CLANG_WARN_INT_CONVERSION = YES;
				CLANG_WARN_NON_LITERAL_NULL_CONVERSION = YES;
				CLANG_WARN_OBJC_IMPLICIT_RETAIN_SELF = YES;
				CLANG_WARN_OBJC_LITERAL_CONVERSION = YES;
				CLANG_WARN_OBJC_ROOT_CLASS = YES_ERROR;
				CLANG_WARN_QUOTED_INCLUDE_IN_FRAMEWORK_HEADER = YES;
				CLANG_WARN_RANGE_LOOP_ANALYSIS = YES;
				CLANG_WARN_STRICT_PROTOTYPES = YES;
				CLANG_WARN_SUSPICIOUS_MOVE = YES;
				CLANG_WARN_UNGUARDED_AVAILABILITY = YES_AGGRESSIVE;
				CLANG_WARN_UNREACHABLE_CODE = YES;
				CLANG_WARN__DUPLICATE_METHOD_MATCH = YES;
				COPY_PHASE_STRIP = NO;
				DEBUG_INFORMATION_FORMAT = "dwarf-with-dsym";
				ENABLE_NS_ASSERTIONS = NO;
				ENABLE_STRICT_OBJC_MSGSEND = YES;
				GCC_C_LANGUAGE_STANDARD = gnu11;
				GCC_NO_COMMON_BLOCKS = YES;
				GCC_WARN_64_TO_32_BIT_CONVERSION = YES;
				GCC_WARN_ABOUT_RETURN_TYPE = YES_ERROR;
				GCC_WARN_UNDECLARED_SELECTOR = YES;
				GCC_WARN_UNINITIALIZED_AUTOS = YES_AGGRESSIVE;
				GCC_WARN_UNUSED_FUNCTION = YES;
				GCC_WARN_UNUSED_VARIABLE = YES;
				MTL_ENABLE_DEBUG_INFO = NO;
				MTL_FAST_MATH = YES;
				SWIFT_COMPILATION_MODE = wholemodule;
				SWIFT_OPTIMIZATION_LEVEL = "-O";
			};
			name = Release;
		};
		2B183F582913F8C00087654E /* Debug */ = {
			isa = XCBuildConfiguration;
			buildSettings = {
				ALWAYS_EMBED_SWIFT_STANDARD_LIBRARIES = YES;
				ASSETCATALOG_COMPILER_APPICON_NAME = AppIcon;
				ASSETCATALOG_COMPILER_GLOBAL_ACCENT_COLOR_NAME = AccentColor;
				CODE_SIGN_ENTITLEMENTS = "Gulfstream-Sandbox/Gulfstream_Sandbox.entitlements";
				CODE_SIGN_IDENTITY = "Apple Development";
				CODE_SIGN_STYLE = Automatic;
				CURRENT_PROJECT_VERSION = 1;
				DEVELOPMENT_ASSET_PATHS = "\"Gulfstream-Sandbox/Preview Content\"";
				DEVELOPMENT_TEAM = T5533WY4HV;
				ENABLE_HARDENED_RUNTIME = YES;
				ENABLE_PREVIEWS = YES;
				GENERATE_INFOPLIST_FILE = YES;
				INFOPLIST_FILE = "Gulfstream-Sandbox/Info.plist";
				INFOPLIST_KEY_CFBundleDisplayName = "My Cabin";
				"INFOPLIST_KEY_UIApplicationSceneManifest_Generation[sdk=iphoneos*]" = YES;
				"INFOPLIST_KEY_UIApplicationSceneManifest_Generation[sdk=iphonesimulator*]" = YES;
				"INFOPLIST_KEY_UIApplicationSupportsIndirectInputEvents[sdk=iphoneos*]" = YES;
				"INFOPLIST_KEY_UIApplicationSupportsIndirectInputEvents[sdk=iphonesimulator*]" = YES;
				"INFOPLIST_KEY_UILaunchScreen_Generation[sdk=iphoneos*]" = YES;
				"INFOPLIST_KEY_UILaunchScreen_Generation[sdk=iphonesimulator*]" = YES;
				INFOPLIST_KEY_UIStatusBarStyle = UIStatusBarStyleDarkContent;
				"INFOPLIST_KEY_UIStatusBarStyle[sdk=iphoneos*]" = UIStatusBarStyleDefault;
				"INFOPLIST_KEY_UIStatusBarStyle[sdk=iphonesimulator*]" = UIStatusBarStyleDefault;
				INFOPLIST_KEY_UISupportedInterfaceOrientations = UIInterfaceOrientationPortrait;
				IPHONEOS_DEPLOYMENT_TARGET = 15.3;
				LD_RUNPATH_SEARCH_PATHS = "@executable_path/Frameworks";
				"LD_RUNPATH_SEARCH_PATHS[sdk=macosx*]" = "@executable_path/../Frameworks";
				MACOSX_DEPLOYMENT_TARGET = 12.3;
				MARKETING_VERSION = 1.0;
				PRODUCT_BUNDLE_IDENTIFIER = "com.gulfstream.sandbox.Gulfstream-Sandbox";
				PRODUCT_NAME = "$(TARGET_NAME)";
				PROVISIONING_PROFILE_SPECIFIER = "";
				SDKROOT = auto;
				SUPPORTED_PLATFORMS = "iphoneos iphonesimulator macosx";
				SWIFT_EMIT_LOC_STRINGS = YES;
				SWIFT_VERSION = 5.0;
				TARGETED_DEVICE_FAMILY = "1,2";
			};
			name = Debug;
		};
		2B183F592913F8C00087654E /* Release */ = {
			isa = XCBuildConfiguration;
			buildSettings = {
				ALWAYS_EMBED_SWIFT_STANDARD_LIBRARIES = YES;
				ASSETCATALOG_COMPILER_APPICON_NAME = AppIcon;
				ASSETCATALOG_COMPILER_GLOBAL_ACCENT_COLOR_NAME = AccentColor;
				CODE_SIGN_ENTITLEMENTS = "Gulfstream-Sandbox/Gulfstream_Sandbox.entitlements";
				CODE_SIGN_IDENTITY = "Apple Development";
				CODE_SIGN_STYLE = Automatic;
				CURRENT_PROJECT_VERSION = 1;
				DEVELOPMENT_ASSET_PATHS = "\"Gulfstream-Sandbox/Preview Content\"";
				DEVELOPMENT_TEAM = T5533WY4HV;
				ENABLE_HARDENED_RUNTIME = YES;
				ENABLE_PREVIEWS = YES;
				GENERATE_INFOPLIST_FILE = YES;
				INFOPLIST_FILE = "Gulfstream-Sandbox/Info.plist";
				INFOPLIST_KEY_CFBundleDisplayName = "My Cabin";
				"INFOPLIST_KEY_UIApplicationSceneManifest_Generation[sdk=iphoneos*]" = YES;
				"INFOPLIST_KEY_UIApplicationSceneManifest_Generation[sdk=iphonesimulator*]" = YES;
				"INFOPLIST_KEY_UIApplicationSupportsIndirectInputEvents[sdk=iphoneos*]" = YES;
				"INFOPLIST_KEY_UIApplicationSupportsIndirectInputEvents[sdk=iphonesimulator*]" = YES;
				"INFOPLIST_KEY_UILaunchScreen_Generation[sdk=iphoneos*]" = YES;
				"INFOPLIST_KEY_UILaunchScreen_Generation[sdk=iphonesimulator*]" = YES;
				INFOPLIST_KEY_UIStatusBarStyle = UIStatusBarStyleDarkContent;
				"INFOPLIST_KEY_UIStatusBarStyle[sdk=iphoneos*]" = UIStatusBarStyleDefault;
				"INFOPLIST_KEY_UIStatusBarStyle[sdk=iphonesimulator*]" = UIStatusBarStyleDefault;
				INFOPLIST_KEY_UISupportedInterfaceOrientations = UIInterfaceOrientationPortrait;
				IPHONEOS_DEPLOYMENT_TARGET = 15.3;
				LD_RUNPATH_SEARCH_PATHS = "@executable_path/Frameworks";
				"LD_RUNPATH_SEARCH_PATHS[sdk=macosx*]" = "@executable_path/../Frameworks";
				MACOSX_DEPLOYMENT_TARGET = 12.3;
				MARKETING_VERSION = 1.0;
				PRODUCT_BUNDLE_IDENTIFIER = "com.gulfstream.sandbox.Gulfstream-Sandbox";
				PRODUCT_NAME = "$(TARGET_NAME)";
				PROVISIONING_PROFILE_SPECIFIER = "";
				SDKROOT = auto;
				SUPPORTED_PLATFORMS = "iphoneos iphonesimulator macosx";
				SWIFT_EMIT_LOC_STRINGS = YES;
				SWIFT_VERSION = 5.0;
				TARGETED_DEVICE_FAMILY = "1,2";
			};
			name = Release;
		};
		2BB135DD2926D1290016444C /* Debug */ = {
			isa = XCBuildConfiguration;
			buildSettings = {
				BUNDLE_LOADER = "$(TEST_HOST)";
				CODE_SIGN_STYLE = Automatic;
				CURRENT_PROJECT_VERSION = 1;
				DEVELOPMENT_TEAM = T5533WY4HV;
				GENERATE_INFOPLIST_FILE = YES;
				INFOPLIST_FILE = "Sandbox-Tests/Info.plist";
				INFOPLIST_KEY_LSApplicationCategoryType = "";
				IPHONEOS_DEPLOYMENT_TARGET = 16.1;
				MACOSX_DEPLOYMENT_TARGET = 12.5;
				MARKETING_VERSION = 1.0;
				PRODUCT_BUNDLE_IDENTIFIER = "com.sandbox.Sandbox-Tests";
				PRODUCT_NAME = "$(TARGET_NAME)";
				SDKROOT = auto;
				SUPPORTED_PLATFORMS = "iphoneos iphonesimulator macosx";
				SWIFT_EMIT_LOC_STRINGS = NO;
				SWIFT_VERSION = 5.0;
				TARGETED_DEVICE_FAMILY = "1,2";
				TEST_HOST = "$(BUILT_PRODUCTS_DIR)/Gulfstream-Sandbox.app/$(BUNDLE_EXECUTABLE_FOLDER_PATH)/Gulfstream-Sandbox";
			};
			name = Debug;
		};
		2BB135DE2926D1290016444C /* Release */ = {
			isa = XCBuildConfiguration;
			buildSettings = {
				BUNDLE_LOADER = "$(TEST_HOST)";
				CODE_SIGN_STYLE = Automatic;
				CURRENT_PROJECT_VERSION = 1;
				DEVELOPMENT_TEAM = T5533WY4HV;
				GENERATE_INFOPLIST_FILE = YES;
				INFOPLIST_FILE = "Sandbox-Tests/Info.plist";
				INFOPLIST_KEY_LSApplicationCategoryType = "";
				IPHONEOS_DEPLOYMENT_TARGET = 16.1;
				MACOSX_DEPLOYMENT_TARGET = 12.5;
				MARKETING_VERSION = 1.0;
				PRODUCT_BUNDLE_IDENTIFIER = "com.sandbox.Sandbox-Tests";
				PRODUCT_NAME = "$(TARGET_NAME)";
				SDKROOT = auto;
				SUPPORTED_PLATFORMS = "iphoneos iphonesimulator macosx";
				SWIFT_EMIT_LOC_STRINGS = NO;
				SWIFT_VERSION = 5.0;
				TARGETED_DEVICE_FAMILY = "1,2";
				TEST_HOST = "$(BUILT_PRODUCTS_DIR)/Gulfstream-Sandbox.app/$(BUNDLE_EXECUTABLE_FOLDER_PATH)/Gulfstream-Sandbox";
			};
			name = Release;
		};
		2BE97D55291C348900149BA4 /* Debug */ = {
			isa = XCBuildConfiguration;
			buildSettings = {
				ASSETCATALOG_COMPILER_APPICON_NAME = AppIcon;
				ASSETCATALOG_COMPILER_GLOBAL_ACCENT_COLOR_NAME = AccentColor;
				CODE_SIGN_IDENTITY = "Apple Development";
				CODE_SIGN_STYLE = Automatic;
				CURRENT_PROJECT_VERSION = 1;
				DEVELOPMENT_ASSET_PATHS = "\"wearable Watch App/Preview Content\"";
				DEVELOPMENT_TEAM = T5533WY4HV;
				ENABLE_PREVIEWS = YES;
				GENERATE_INFOPLIST_FILE = YES;
				INFOPLIST_KEY_UISupportedInterfaceOrientations = "UIInterfaceOrientationPortrait UIInterfaceOrientationPortraitUpsideDown";
				INFOPLIST_KEY_WKCompanionAppBundleIdentifier = "com.gulfstream.sandbox.Gulfstream-Sandbox";
				LD_RUNPATH_SEARCH_PATHS = (
					"$(inherited)",
					"@executable_path/Frameworks",
				);
				MARKETING_VERSION = 1.0;
				PRODUCT_BUNDLE_IDENTIFIER = "com.gulfstream.sandbox.Gulfstream-Sandbox.watchkitapp";
				PRODUCT_NAME = "My Cabin";
				SDKROOT = watchos;
				SKIP_INSTALL = YES;
				SWIFT_EMIT_LOC_STRINGS = YES;
				SWIFT_VERSION = 5.0;
				TARGETED_DEVICE_FAMILY = 4;
				WATCHOS_DEPLOYMENT_TARGET = 8.5;
			};
			name = Debug;
		};
		2BE97D56291C348900149BA4 /* Release */ = {
			isa = XCBuildConfiguration;
			buildSettings = {
				ASSETCATALOG_COMPILER_APPICON_NAME = AppIcon;
				ASSETCATALOG_COMPILER_GLOBAL_ACCENT_COLOR_NAME = AccentColor;
				CODE_SIGN_IDENTITY = "Apple Development";
				CODE_SIGN_STYLE = Automatic;
				CURRENT_PROJECT_VERSION = 1;
				DEVELOPMENT_ASSET_PATHS = "\"wearable Watch App/Preview Content\"";
				DEVELOPMENT_TEAM = T5533WY4HV;
				ENABLE_PREVIEWS = YES;
				GENERATE_INFOPLIST_FILE = YES;
				INFOPLIST_KEY_UISupportedInterfaceOrientations = "UIInterfaceOrientationPortrait UIInterfaceOrientationPortraitUpsideDown";
				INFOPLIST_KEY_WKCompanionAppBundleIdentifier = "com.gulfstream.sandbox.Gulfstream-Sandbox";
				LD_RUNPATH_SEARCH_PATHS = (
					"$(inherited)",
					"@executable_path/Frameworks",
				);
				MARKETING_VERSION = 1.0;
				PRODUCT_BUNDLE_IDENTIFIER = "com.gulfstream.sandbox.Gulfstream-Sandbox.watchkitapp";
				PRODUCT_NAME = "My Cabin";
				SDKROOT = watchos;
				SKIP_INSTALL = YES;
				SWIFT_EMIT_LOC_STRINGS = YES;
				SWIFT_VERSION = 5.0;
				TARGETED_DEVICE_FAMILY = 4;
				VALIDATE_PRODUCT = YES;
				WATCHOS_DEPLOYMENT_TARGET = 8.5;
			};
			name = Release;
		};
/* End XCBuildConfiguration section */

/* Begin XCConfigurationList section */
		2B183F432913F8BD0087654E /* Build configuration list for PBXProject "Gulfstream-Sandbox" */ = {
			isa = XCConfigurationList;
			buildConfigurations = (
				2B183F552913F8C00087654E /* Debug */,
				2B183F562913F8C00087654E /* Release */,
			);
			defaultConfigurationIsVisible = 0;
			defaultConfigurationName = Release;
		};
		2B183F572913F8C00087654E /* Build configuration list for PBXNativeTarget "Gulfstream-Sandbox" */ = {
			isa = XCConfigurationList;
			buildConfigurations = (
				2B183F582913F8C00087654E /* Debug */,
				2B183F592913F8C00087654E /* Release */,
			);
			defaultConfigurationIsVisible = 0;
			defaultConfigurationName = Release;
		};
		2BB135DC2926D1290016444C /* Build configuration list for PBXNativeTarget "Sandbox-Tests" */ = {
			isa = XCConfigurationList;
			buildConfigurations = (
				2BB135DD2926D1290016444C /* Debug */,
				2BB135DE2926D1290016444C /* Release */,
			);
			defaultConfigurationIsVisible = 0;
			defaultConfigurationName = Release;
		};
		2BE97D54291C348900149BA4 /* Build configuration list for PBXNativeTarget "wearable Watch App" */ = {
			isa = XCConfigurationList;
			buildConfigurations = (
				2BE97D55291C348900149BA4 /* Debug */,
				2BE97D56291C348900149BA4 /* Release */,
			);
			defaultConfigurationIsVisible = 0;
			defaultConfigurationName = Release;
		};
/* End XCConfigurationList section */
	};
	rootObject = 2B183F402913F8BD0087654E /* Project object */;
}
